PODS:
  - AKSideMenu (1.4.0)
  - FSCalendar (2.7.9)
  - Kingfisher (4.2.0)
  - SwipeCellKit (2.0.0)

DEPENDENCIES:
  - AKSideMenu
  - FSCalendar
  - Kingfisher
  - SwipeCellKit

SPEC CHECKSUMS:
  AKSideMenu: c2f5b367529450e95e9fa3f000671cb2a14daf17
  FSCalendar: a04b09f16f811bc92e82f3cf852a15225233b9d5
  Kingfisher: 9ee7e788d8ba07c3f21ce0d43f33cec310a4f781
  SwipeCellKit: 349c61ffde96ac3ae51c2691a03e421b5b29ee98

PODFILE CHECKSUM: a9527cd377aa82b826cf3f787ecb8fd8b0570d7b

COCOAPODS: 1.2.0
